
Microsoft Visual Studio Solution File, Format Version 12.00
# Visual Studio Version 17
VisualStudioVersion = 17.3.32929.385
MinimumVisualStudioVersion = 10.0.40219.1
Project("{FAE04EC0-301F-11D3-BF4B-00C04F79EFBC}") = "FoodOrderingApp.Android", "FoodOrderingApp\FoodOrderingApp.Android\FoodOrderingApp.Android.csproj", "{A15F21E3-7B48-441F-97D7-5F9DFF115EAE}"
EndProject
Project("{FAE04EC0-301F-11D3-BF4B-00C04F79EFBC}") = "FoodOrderingApp.iOS", "FoodOrderingApp\FoodOrderingApp.iOS\FoodOrderingApp.iOS.csproj", "{0EB2EA24-88D0-4D3D-BDD2-FBE7635F5B48}"
EndProject
Project("{FAE04EC0-301F-11D3-BF4B-00C04F79EFBC}") = "FoodOrderingApp", "FoodOrderingApp\FoodOrderingApp\FoodOrderingApp.csproj", "{94D948A1-3823-4073-953A-E112855815B6}"
EndProject
Global
	GlobalSection(SolutionConfigurationPlatforms) = preSolution
		Debug|Any CPU = Debug|Any CPU
		Debug|iPhone = Debug|iPhone
		Debug|iPhoneSimulator = Debug|iPhoneSimulator
		Release|Any CPU = Release|Any CPU
		Release|iPhone = Release|iPhone
		Release|iPhoneSimulator = Release|iPhoneSimulator
	EndGlobalSection
	GlobalSection(ProjectConfigurationPlatforms) = postSolution
		{A15F21E3-7B48-441F-97D7-5F9DFF115EAE}.Debug|Any CPU.ActiveCfg = Debug|Any CPU
		{A15F21E3-7B48-441F-97D7-5F9DFF115EAE}.Debug|Any CPU.Build.0 = Debug|Any CPU
		{A15F21E3-7B48-441F-97D7-5F9DFF115EAE}.Debug|Any CPU.Deploy.0 = Debug|Any CPU
		{A15F21E3-7B48-441F-97D7-5F9DFF115EAE}.Debug|iPhone.ActiveCfg = Debug|Any CPU
		{A15F21E3-7B48-441F-97D7-5F9DFF115EAE}.Debug|iPhone.Build.0 = Debug|Any CPU
		{A15F21E3-7B48-441F-97D7-5F9DFF115EAE}.Debug|iPhone.Deploy.0 = Debug|Any CPU
		{A15F21E3-7B48-441F-97D7-5F9DFF115EAE}.Debug|iPhoneSimulator.ActiveCfg = Debug|Any CPU
		{A15F21E3-7B48-441F-97D7-5F9DFF115EAE}.Debug|iPhoneSimulator.Build.0 = Debug|Any CPU
		{A15F21E3-7B48-441F-97D7-5F9DFF115EAE}.Debug|iPhoneSimulator.Deploy.0 = Debug|Any CPU
		{A15F21E3-7B48-441F-97D7-5F9DFF115EAE}.Release|Any CPU.ActiveCfg = Release|Any CPU
		{A15F21E3-7B48-441F-97D7-5F9DFF115EAE}.Release|Any CPU.Build.0 = Release|Any CPU
		{A15F21E3-7B48-441F-97D7-5F9DFF115EAE}.Release|Any CPU.Deploy.0 = Release|Any CPU
		{A15F21E3-7B48-441F-97D7-5F9DFF115EAE}.Release|iPhone.ActiveCfg = Release|Any CPU
		{A15F21E3-7B48-441F-97D7-5F9DFF115EAE}.Release|iPhone.Build.0 = Release|Any CPU
		{A15F21E3-7B48-441F-97D7-5F9DFF115EAE}.Release|iPhone.Deploy.0 = Release|Any CPU
		{A15F21E3-7B48-441F-97D7-5F9DFF115EAE}.Release|iPhoneSimulator.ActiveCfg = Release|Any CPU
		{A15F21E3-7B48-441F-97D7-5F9DFF115EAE}.Release|iPhoneSimulator.Build.0 = Release|Any CPU
		{A15F21E3-7B48-441F-97D7-5F9DFF115EAE}.Release|iPhoneSimulator.Deploy.0 = Release|Any CPU
		{0EB2EA24-88D0-4D3D-BDD2-FBE7635F5B48}.Debug|Any CPU.ActiveCfg = Debug|iPhone
		{0EB2EA24-88D0-4D3D-BDD2-FBE7635F5B48}.Debug|Any CPU.Build.0 = Debug|iPhone
		{0EB2EA24-88D0-4D3D-BDD2-FBE7635F5B48}.Debug|Any CPU.Deploy.0 = Debug|iPhone
		{0EB2EA24-88D0-4D3D-BDD2-FBE7635F5B48}.Debug|iPhone.ActiveCfg = Debug|iPhone
		{0EB2EA24-88D0-4D3D-BDD2-FBE7635F5B48}.Debug|iPhone.Build.0 = Debug|iPhone
		{0EB2EA24-88D0-4D3D-BDD2-FBE7635F5B48}.Debug|iPhone.Deploy.0 = Debug|iPhone
		{0EB2EA24-88D0-4D3D-BDD2-FBE7635F5B48}.Debug|iPhoneSimulator.ActiveCfg = Debug|iPhoneSimulator
		{0EB2EA24-88D0-4D3D-BDD2-FBE7635F5B48}.Debug|iPhoneSimulator.Build.0 = Debug|iPhoneSimulator
		{0EB2EA24-88D0-4D3D-BDD2-FBE7635F5B48}.Debug|iPhoneSimulator.Deploy.0 = Debug|iPhoneSimulator
		{0EB2EA24-88D0-4D3D-BDD2-FBE7635F5B48}.Release|Any CPU.ActiveCfg = Release|iPhoneSimulator
		{0EB2EA24-88D0-4D3D-BDD2-FBE7635F5B48}.Release|Any CPU.Build.0 = Release|iPhoneSimulator
		{0EB2EA24-88D0-4D3D-BDD2-FBE7635F5B48}.Release|Any CPU.Deploy.0 = Release|iPhoneSimulator
		{0EB2EA24-88D0-4D3D-BDD2-FBE7635F5B48}.Release|iPhone.ActiveCfg = Release|iPhone
		{0EB2EA24-88D0-4D3D-BDD2-FBE7635F5B48}.Release|iPhone.Build.0 = Release|iPhone
		{0EB2EA24-88D0-4D3D-BDD2-FBE7635F5B48}.Release|iPhone.Deploy.0 = Release|iPhone
		{0EB2EA24-88D0-4D3D-BDD2-FBE7635F5B48}.Release|iPhoneSimulator.ActiveCfg = Release|iPhoneSimulator
		{0EB2EA24-88D0-4D3D-BDD2-FBE7635F5B48}.Release|iPhoneSimulator.Build.0 = Release|iPhoneSimulator
		{0EB2EA24-88D0-4D3D-BDD2-FBE7635F5B48}.Release|iPhoneSimulator.Deploy.0 = Release|iPhoneSimulator
		{94D948A1-3823-4073-953A-E112855815B6}.Debug|Any CPU.ActiveCfg = Debug|Any CPU
		{94D948A1-3823-4073-953A-E112855815B6}.Debug|Any CPU.Build.0 = Debug|Any CPU
		{94D948A1-3823-4073-953A-E112855815B6}.Debug|Any CPU.Deploy.0 = Debug|Any CPU
		{94D948A1-3823-4073-953A-E112855815B6}.Debug|iPhone.ActiveCfg = Debug|Any CPU
		{94D948A1-3823-4073-953A-E112855815B6}.Debug|iPhone.Build.0 = Debug|Any CPU
		{94D948A1-3823-4073-953A-E112855815B6}.Debug|iPhone.Deploy.0 = Debug|Any CPU
		{94D948A1-3823-4073-953A-E112855815B6}.Debug|iPhoneSimulator.ActiveCfg = Debug|Any CPU
		{94D948A1-3823-4073-953A-E112855815B6}.Debug|iPhoneSimulator.Build.0 = Debug|Any CPU
		{94D948A1-3823-4073-953A-E112855815B6}.Debug|iPhoneSimulator.Deploy.0 = Debug|Any CPU
		{94D948A1-3823-4073-953A-E112855815B6}.Release|Any CPU.ActiveCfg = Release|Any CPU
		{94D948A1-3823-4073-953A-E112855815B6}.Release|Any CPU.Build.0 = Release|Any CPU
		{94D948A1-3823-4073-953A-E112855815B6}.Release|Any CPU.Deploy.0 = Release|Any CPU
		{94D948A1-3823-4073-953A-E112855815B6}.Release|iPhone.ActiveCfg = Release|Any CPU
		{94D948A1-3823-4073-953A-E112855815B6}.Release|iPhone.Build.0 = Release|Any CPU
		{94D948A1-3823-4073-953A-E112855815B6}.Release|iPhone.Deploy.0 = Release|Any CPU
		{94D948A1-3823-4073-953A-E112855815B6}.Release|iPhoneSimulator.ActiveCfg = Release|Any CPU
		{94D948A1-3823-4073-953A-E112855815B6}.Release|iPhoneSimulator.Build.0 = Release|Any CPU
		{94D948A1-3823-4073-953A-E112855815B6}.Release|iPhoneSimulator.Deploy.0 = Release|Any CPU
	EndGlobalSection
	GlobalSection(SolutionProperties) = preSolution
		HideSolutionNode = FALSE
	EndGlobalSection
	GlobalSection(ExtensibilityGlobals) = postSolution
		SolutionGuid = {A3BEE2DA-BFFF-42C4-BCF8-721D376A8AD4}
	EndGlobalSection
EndGlobal
